// !$*UTF8*$!
{
	archiveVersion = 1;
	classes = {
	};
	objectVersion = 56;
	objects = {

/* Begin PBXBuildFile section */
		EA07E7492B88CD0E00D516FF /* Character.swift in Sources */ = {isa = PBXBuildFile; fileRef = EA07E7482B88CD0E00D516FF /* Character.swift */; };
		EA07E74D2B88CEBB00D516FF /* Thumbnail.swift in Sources */ = {isa = PBXBuildFile; fileRef = EA07E74C2B88CEBB00D516FF /* Thumbnail.swift */; };
		EA07E74F2B88D33B00D516FF /* AsyncImageView.swift in Sources */ = {isa = PBXBuildFile; fileRef = EA07E74E2B88D33B00D516FF /* AsyncImageView.swift */; };
		EA07E7512B88D35500D516FF /* CacheAsyncImage.swift in Sources */ = {isa = PBXBuildFile; fileRef = EA07E7502B88D35500D516FF /* CacheAsyncImage.swift */; };
		EA07E7532B88D89B00D516FF /* Item.swift in Sources */ = {isa = PBXBuildFile; fileRef = EA07E7522B88D89B00D516FF /* Item.swift */; };
		EA07E7552B88D91A00D516FF /* Comic.swift in Sources */ = {isa = PBXBuildFile; fileRef = EA07E7542B88D91A00D516FF /* Comic.swift */; };
		EA07E7572B88DA9F00D516FF /* Event.swift in Sources */ = {isa = PBXBuildFile; fileRef = EA07E7562B88DA9F00D516FF /* Event.swift */; };
		EA07E75A2B88DD3F00D516FF /* PaginatedResponse.swift in Sources */ = {isa = PBXBuildFile; fileRef = EA07E7592B88DD3F00D516FF /* PaginatedResponse.swift */; };
		EA07E75D2B88DEC700D516FF /* APIClient.swift in Sources */ = {isa = PBXBuildFile; fileRef = EA07E75C2B88DEC700D516FF /* APIClient.swift */; };
		EA07E75F2B88DF0A00D516FF /* Log.swift in Sources */ = {isa = PBXBuildFile; fileRef = EA07E75E2B88DF0A00D516FF /* Log.swift */; };
		EA07E7622B88DF4300D516FF /* APIClient+Characters.swift in Sources */ = {isa = PBXBuildFile; fileRef = EA07E7612B88DF4300D516FF /* APIClient+Characters.swift */; };
		EA07E7642B88E42400D516FF /* APIClient+Events.swift in Sources */ = {isa = PBXBuildFile; fileRef = EA07E7632B88E42400D516FF /* APIClient+Events.swift */; };
		EA07E7662B88E5BF00D516FF /* MainViewModel.swift in Sources */ = {isa = PBXBuildFile; fileRef = EA07E7652B88E5BF00D516FF /* MainViewModel.swift */; };
		EA07E7692B88E63E00D516FF /* Republished.swift in Sources */ = {isa = PBXBuildFile; fileRef = EA07E7682B88E63E00D516FF /* Republished.swift */; };
		EA07E76B2B88E67A00D516FF /* PageManager.swift in Sources */ = {isa = PBXBuildFile; fileRef = EA07E76A2B88E67A00D516FF /* PageManager.swift */; };
		EA07E76D2B8A238100D516FF /* CharacterGenericCell.swift in Sources */ = {isa = PBXBuildFile; fileRef = EA07E76C2B8A238100D516FF /* CharacterGenericCell.swift */; };
		EA07E7712B8A27C100D516FF /* CharactersView.swift in Sources */ = {isa = PBXBuildFile; fileRef = EA07E7702B8A27C100D516FF /* CharactersView.swift */; };
		EA07E7732B8A27CB00D516FF /* CharactersViewModel.swift in Sources */ = {isa = PBXBuildFile; fileRef = EA07E7722B8A27CB00D516FF /* CharactersViewModel.swift */; };
		EA07E7762B8A328100D516FF /* CharacterDetailView.swift in Sources */ = {isa = PBXBuildFile; fileRef = EA07E7752B8A328100D516FF /* CharacterDetailView.swift */; };
		EA07E77A2B8A3FD200D516FF /* CustomNavigationBar.swift in Sources */ = {isa = PBXBuildFile; fileRef = EA07E7792B8A3FD200D516FF /* CustomNavigationBar.swift */; };
		EA07E77C2B8A403700D516FF /* CustomNavigationModifier.swift in Sources */ = {isa = PBXBuildFile; fileRef = EA07E77B2B8A403700D516FF /* CustomNavigationModifier.swift */; };
		EA6E09EB2B8C3756006DCD31 /* DateCodable.swift in Sources */ = {isa = PBXBuildFile; fileRef = EA6E09EA2B8C3756006DCD31 /* DateCodable.swift */; };
		EA6E09ED2B8C37DF006DCD31 /* DateHelper.swift in Sources */ = {isa = PBXBuildFile; fileRef = EA6E09EC2B8C37DF006DCD31 /* DateHelper.swift */; };
		EA9C158E2B8638FF00FF544E /* AppDelegate.swift in Sources */ = {isa = PBXBuildFile; fileRef = EA9C158D2B8638FF00FF544E /* AppDelegate.swift */; };
		EA9C15912B863AE200FF544E /* LoginViewModel.swift in Sources */ = {isa = PBXBuildFile; fileRef = EA9C15902B863AE200FF544E /* LoginViewModel.swift */; };
		EA9C15932B863C0700FF544E /* Router.swift in Sources */ = {isa = PBXBuildFile; fileRef = EA9C15922B863C0700FF544E /* Router.swift */; };
		EA9C15952B863C6900FF544E /* NavigationDestination.swift in Sources */ = {isa = PBXBuildFile; fileRef = EA9C15942B863C6900FF544E /* NavigationDestination.swift */; };
		EA9C15972B863CE800FF544E /* SplashView.swift in Sources */ = {isa = PBXBuildFile; fileRef = EA9C15962B863CE800FF544E /* SplashView.swift */; };
		EA9C15992B863F4900FF544E /* User.swift in Sources */ = {isa = PBXBuildFile; fileRef = EA9C15982B863F4900FF544E /* User.swift */; };
		EA9C159B2B863F7A00FF544E /* UserDefaultsCodable.swift in Sources */ = {isa = PBXBuildFile; fileRef = EA9C159A2B863F7A00FF544E /* UserDefaultsCodable.swift */; };
		EA9C159D2B863FA200FF544E /* IDHashable.swift in Sources */ = {isa = PBXBuildFile; fileRef = EA9C159C2B863FA200FF544E /* IDHashable.swift */; };
		EA9C15A02B86445A00FF544E /* Launch Screen.storyboard in Resources */ = {isa = PBXBuildFile; fileRef = EA9C159F2B86445A00FF544E /* Launch Screen.storyboard */; };
		EA9C15A22B86494000FF544E /* MainView.swift in Sources */ = {isa = PBXBuildFile; fileRef = EA9C15A12B86494000FF544E /* MainView.swift */; };
		EA9C15A52B866C0700FF544E /* HomeTab.swift in Sources */ = {isa = PBXBuildFile; fileRef = EA9C15A42B866C0700FF544E /* HomeTab.swift */; };
		EA9C15A72B866C8C00FF544E /* TabBarView.swift in Sources */ = {isa = PBXBuildFile; fileRef = EA9C15A62B866C8C00FF544E /* TabBarView.swift */; };
		EA9C15A92B866CA100FF544E /* TabBarItemView.swift in Sources */ = {isa = PBXBuildFile; fileRef = EA9C15A82B866CA100FF544E /* TabBarItemView.swift */; };
		EA9C15AC2B866CE100FF544E /* Shrink.swift in Sources */ = {isa = PBXBuildFile; fileRef = EA9C15AB2B866CE100FF544E /* Shrink.swift */; };
		EA9C15AE2B86738400FF544E /* Loading.swift in Sources */ = {isa = PBXBuildFile; fileRef = EA9C15AD2B86738400FF544E /* Loading.swift */; };
		EA9C15B02B8673AC00FF544E /* LoadingView.swift in Sources */ = {isa = PBXBuildFile; fileRef = EA9C15AF2B8673AC00FF544E /* LoadingView.swift */; };
		EABAAA0A2B8BF312000230F5 /* TTextFieldView.swift in Sources */ = {isa = PBXBuildFile; fileRef = EABAAA092B8BF312000230F5 /* TTextFieldView.swift */; };
		EABAAA0C2B8BFE8F000230F5 /* LoginButton.swift in Sources */ = {isa = PBXBuildFile; fileRef = EABAAA0B2B8BFE8F000230F5 /* LoginButton.swift */; };
		EABAAA0E2B8C002C000230F5 /* String+Extension.swift in Sources */ = {isa = PBXBuildFile; fileRef = EABAAA0D2B8C002C000230F5 /* String+Extension.swift */; };
		EABAAA112B8C05FF000230F5 /* FirebaseAnalytics in Frameworks */ = {isa = PBXBuildFile; productRef = EABAAA102B8C05FF000230F5 /* FirebaseAnalytics */; };
		EABAAA132B8C05FF000230F5 /* FirebaseAnalyticsOnDeviceConversion in Frameworks */ = {isa = PBXBuildFile; productRef = EABAAA122B8C05FF000230F5 /* FirebaseAnalyticsOnDeviceConversion */; };
		EABAAA152B8C05FF000230F5 /* FirebaseAnalyticsSwift in Frameworks */ = {isa = PBXBuildFile; productRef = EABAAA142B8C05FF000230F5 /* FirebaseAnalyticsSwift */; };
		EABAAA172B8C05FF000230F5 /* FirebaseAnalyticsWithoutAdIdSupport in Frameworks */ = {isa = PBXBuildFile; productRef = EABAAA162B8C05FF000230F5 /* FirebaseAnalyticsWithoutAdIdSupport */; };
		EABAAA1B2B8C05FF000230F5 /* FirebaseAppDistribution-Beta in Frameworks */ = {isa = PBXBuildFile; productRef = EABAAA1A2B8C05FF000230F5 /* FirebaseAppDistribution-Beta */; };
		EABAAA1D2B8C05FF000230F5 /* FirebaseAuth in Frameworks */ = {isa = PBXBuildFile; productRef = EABAAA1C2B8C05FF000230F5 /* FirebaseAuth */; };
		EABAAA1F2B8C05FF000230F5 /* FirebaseAuthCombine-Community in Frameworks */ = {isa = PBXBuildFile; productRef = EABAAA1E2B8C05FF000230F5 /* FirebaseAuthCombine-Community */; };
		EABAAA212B8C05FF000230F5 /* FirebaseCrashlytics in Frameworks */ = {isa = PBXBuildFile; productRef = EABAAA202B8C05FF000230F5 /* FirebaseCrashlytics */; };
		EABAAA232B8C05FF000230F5 /* FirebaseDatabase in Frameworks */ = {isa = PBXBuildFile; productRef = EABAAA222B8C05FF000230F5 /* FirebaseDatabase */; };
		EABAAA252B8C05FF000230F5 /* FirebaseDatabaseSwift in Frameworks */ = {isa = PBXBuildFile; productRef = EABAAA242B8C05FF000230F5 /* FirebaseDatabaseSwift */; };
		EABAAA292B8C05FF000230F5 /* FirebaseFirestore in Frameworks */ = {isa = PBXBuildFile; productRef = EABAAA282B8C05FF000230F5 /* FirebaseFirestore */; };
		EABAAA2B2B8C05FF000230F5 /* FirebaseFirestoreCombine-Community in Frameworks */ = {isa = PBXBuildFile; productRef = EABAAA2A2B8C05FF000230F5 /* FirebaseFirestoreCombine-Community */; };
		EABAAA2D2B8C05FF000230F5 /* FirebaseFirestoreSwift in Frameworks */ = {isa = PBXBuildFile; productRef = EABAAA2C2B8C05FF000230F5 /* FirebaseFirestoreSwift */; };
		EABAAA2F2B8C05FF000230F5 /* FirebaseFunctions in Frameworks */ = {isa = PBXBuildFile; productRef = EABAAA2E2B8C05FF000230F5 /* FirebaseFunctions */; };
		EABAAA312B8C05FF000230F5 /* FirebaseFunctionsCombine-Community in Frameworks */ = {isa = PBXBuildFile; productRef = EABAAA302B8C05FF000230F5 /* FirebaseFunctionsCombine-Community */; };
		EABAAA332B8C05FF000230F5 /* FirebaseInAppMessaging-Beta in Frameworks */ = {isa = PBXBuildFile; productRef = EABAAA322B8C05FF000230F5 /* FirebaseInAppMessaging-Beta */; };
		EABAAA352B8C05FF000230F5 /* FirebaseInAppMessagingSwift-Beta in Frameworks */ = {isa = PBXBuildFile; productRef = EABAAA342B8C05FF000230F5 /* FirebaseInAppMessagingSwift-Beta */; };
		EABAAA372B8C05FF000230F5 /* FirebaseInstallations in Frameworks */ = {isa = PBXBuildFile; productRef = EABAAA362B8C05FF000230F5 /* FirebaseInstallations */; };
		EABAAA392B8C05FF000230F5 /* FirebaseMLModelDownloader in Frameworks */ = {isa = PBXBuildFile; productRef = EABAAA382B8C05FF000230F5 /* FirebaseMLModelDownloader */; };
		EABAAA3D2B8C05FF000230F5 /* FirebasePerformance in Frameworks */ = {isa = PBXBuildFile; productRef = EABAAA3C2B8C05FF000230F5 /* FirebasePerformance */; };
		EABAAA3F2B8C05FF000230F5 /* FirebaseRemoteConfig in Frameworks */ = {isa = PBXBuildFile; productRef = EABAAA3E2B8C05FF000230F5 /* FirebaseRemoteConfig */; };
		EABAAA412B8C05FF000230F5 /* FirebaseRemoteConfigSwift in Frameworks */ = {isa = PBXBuildFile; productRef = EABAAA402B8C05FF000230F5 /* FirebaseRemoteConfigSwift */; };
		EABAAA432B8C05FF000230F5 /* FirebaseStorage in Frameworks */ = {isa = PBXBuildFile; productRef = EABAAA422B8C05FF000230F5 /* FirebaseStorage */; };
		EABAAA452B8C05FF000230F5 /* FirebaseStorageCombine-Community in Frameworks */ = {isa = PBXBuildFile; productRef = EABAAA442B8C05FF000230F5 /* FirebaseStorageCombine-Community */; };
		EABAAA472B8C1A1F000230F5 /* GoogleService-Info.plist in Resources */ = {isa = PBXBuildFile; fileRef = EABAAA462B8C1A1F000230F5 /* GoogleService-Info.plist */; };
		EABAAA492B8C1DC8000230F5 /* client_58787739872-9o60ta992qo9kda9297noc4ee5b50lgk.apps.googleusercontent.com.plist in Resources */ = {isa = PBXBuildFile; fileRef = EABAAA482B8C1DC8000230F5 /* client_58787739872-9o60ta992qo9kda9297noc4ee5b50lgk.apps.googleusercontent.com.plist */; };
		EABAAA4C2B8C1E28000230F5 /* FirebaseError.swift in Sources */ = {isa = PBXBuildFile; fileRef = EABAAA4B2B8C1E28000230F5 /* FirebaseError.swift */; };
		EAE8E17D2B87824100EE17FB /* Fonts.swift in Sources */ = {isa = PBXBuildFile; fileRef = EAE8E17C2B87824100EE17FB /* Fonts.swift */; };
		EAE8E1912B87839C00EE17FB /* Roboto-Medium.ttf in Resources */ = {isa = PBXBuildFile; fileRef = EAE8E1852B87839C00EE17FB /* Roboto-Medium.ttf */; };
		EAE8E1942B87839C00EE17FB /* Roboto-Regular.ttf in Resources */ = {isa = PBXBuildFile; fileRef = EAE8E1882B87839C00EE17FB /* Roboto-Regular.ttf */; };
		EAE8E1B72B8783C600EE17FB /* RobotoCondensed-Bold.ttf in Resources */ = {isa = PBXBuildFile; fileRef = EAE8E1A52B8783C500EE17FB /* RobotoCondensed-Bold.ttf */; };
		EAE8E1BD2B87847C00EE17FB /* RobotoCondensed-Regular.ttf in Resources */ = {isa = PBXBuildFile; fileRef = EAE8E1BC2B87847C00EE17FB /* RobotoCondensed-Regular.ttf */; };
		EAE8E1C32B87C1D200EE17FB /* IntermediaLogo.swift in Sources */ = {isa = PBXBuildFile; fileRef = EAE8E1C22B87C1D200EE17FB /* IntermediaLogo.swift */; };
		EAE930082B8A63BE00CBC143 /* ComicListItemCell.swift in Sources */ = {isa = PBXBuildFile; fileRef = EAE930072B8A63BE00CBC143 /* ComicListItemCell.swift */; };
		EAE9300A2B8A6E6C00CBC143 /* EventsView.swift in Sources */ = {isa = PBXBuildFile; fileRef = EAE930092B8A6E6C00CBC143 /* EventsView.swift */; };
		EAE9300C2B8A6E7500CBC143 /* EventsViewModel.swift in Sources */ = {isa = PBXBuildFile; fileRef = EAE9300B2B8A6E7500CBC143 /* EventsViewModel.swift */; };
		EAE9300F2B8A6F8D00CBC143 /* EventGenericCell.swift in Sources */ = {isa = PBXBuildFile; fileRef = EAE9300E2B8A6F8D00CBC143 /* EventGenericCell.swift */; };
		EAE930112B8A744D00CBC143 /* View+Extension.swift in Sources */ = {isa = PBXBuildFile; fileRef = EAE930102B8A744D00CBC143 /* View+Extension.swift */; };
		EAE930132B8A74CB00CBC143 /* EventDetailView.swift in Sources */ = {isa = PBXBuildFile; fileRef = EAE930122B8A74CB00CBC143 /* EventDetailView.swift */; };
		EAEF9F2C2B862CF0004D4792 /* Intermedia_MarvelApp.swift in Sources */ = {isa = PBXBuildFile; fileRef = EAEF9F2B2B862CF0004D4792 /* Intermedia_MarvelApp.swift */; };
		EAEF9F2E2B862CF0004D4792 /* ContentView.swift in Sources */ = {isa = PBXBuildFile; fileRef = EAEF9F2D2B862CF0004D4792 /* ContentView.swift */; };
		EAEF9F302B862CF1004D4792 /* Assets.xcassets in Resources */ = {isa = PBXBuildFile; fileRef = EAEF9F2F2B862CF1004D4792 /* Assets.xcassets */; };
		EAEF9F332B862CF1004D4792 /* Preview Assets.xcassets in Resources */ = {isa = PBXBuildFile; fileRef = EAEF9F322B862CF1004D4792 /* Preview Assets.xcassets */; };
		EAF37A872B8A983900E36D81 /* LogoutBottomSheet.swift in Sources */ = {isa = PBXBuildFile; fileRef = EAF37A862B8A983900E36D81 /* LogoutBottomSheet.swift */; };
		EAF37A892B8A9BB000E36D81 /* CapsuleButton.swift in Sources */ = {isa = PBXBuildFile; fileRef = EAF37A882B8A9BB000E36D81 /* CapsuleButton.swift */; };
		EAF37A8B2B8AAD6700E36D81 /* LoginView.swift in Sources */ = {isa = PBXBuildFile; fileRef = EAF37A8A2B8AAD6700E36D81 /* LoginView.swift */; };
/* End PBXBuildFile section */

/* Begin PBXFileReference section */
		EA07E7482B88CD0E00D516FF /* Character.swift */ = {isa = PBXFileReference; lastKnownFileType = sourcecode.swift; path = Character.swift; sourceTree = "<group>"; };
		EA07E74C2B88CEBB00D516FF /* Thumbnail.swift */ = {isa = PBXFileReference; lastKnownFileType = sourcecode.swift; path = Thumbnail.swift; sourceTree = "<group>"; };
		EA07E74E2B88D33B00D516FF /* AsyncImageView.swift */ = {isa = PBXFileReference; lastKnownFileType = sourcecode.swift; path = AsyncImageView.swift; sourceTree = "<group>"; };
		EA07E7502B88D35500D516FF /* CacheAsyncImage.swift */ = {isa = PBXFileReference; lastKnownFileType = sourcecode.swift; path = CacheAsyncImage.swift; sourceTree = "<group>"; };
		EA07E7522B88D89B00D516FF /* Item.swift */ = {isa = PBXFileReference; lastKnownFileType = sourcecode.swift; path = Item.swift; sourceTree = "<group>"; };
		EA07E7542B88D91A00D516FF /* Comic.swift */ = {isa = PBXFileReference; lastKnownFileType = sourcecode.swift; path = Comic.swift; sourceTree = "<group>"; };
		EA07E7562B88DA9F00D516FF /* Event.swift */ = {isa = PBXFileReference; lastKnownFileType = sourcecode.swift; path = Event.swift; sourceTree = "<group>"; };
		EA07E7592B88DD3F00D516FF /* PaginatedResponse.swift */ = {isa = PBXFileReference; lastKnownFileType = sourcecode.swift; path = PaginatedResponse.swift; sourceTree = "<group>"; };
		EA07E75C2B88DEC700D516FF /* APIClient.swift */ = {isa = PBXFileReference; lastKnownFileType = sourcecode.swift; path = APIClient.swift; sourceTree = "<group>"; };
		EA07E75E2B88DF0A00D516FF /* Log.swift */ = {isa = PBXFileReference; lastKnownFileType = sourcecode.swift; path = Log.swift; sourceTree = "<group>"; };
		EA07E7612B88DF4300D516FF /* APIClient+Characters.swift */ = {isa = PBXFileReference; lastKnownFileType = sourcecode.swift; path = "APIClient+Characters.swift"; sourceTree = "<group>"; };
		EA07E7632B88E42400D516FF /* APIClient+Events.swift */ = {isa = PBXFileReference; lastKnownFileType = sourcecode.swift; path = "APIClient+Events.swift"; sourceTree = "<group>"; };
		EA07E7652B88E5BF00D516FF /* MainViewModel.swift */ = {isa = PBXFileReference; lastKnownFileType = sourcecode.swift; path = MainViewModel.swift; sourceTree = "<group>"; };
		EA07E7682B88E63E00D516FF /* Republished.swift */ = {isa = PBXFileReference; lastKnownFileType = sourcecode.swift; path = Republished.swift; sourceTree = "<group>"; };
		EA07E76A2B88E67A00D516FF /* PageManager.swift */ = {isa = PBXFileReference; lastKnownFileType = sourcecode.swift; path = PageManager.swift; sourceTree = "<group>"; };
		EA07E76C2B8A238100D516FF /* CharacterGenericCell.swift */ = {isa = PBXFileReference; lastKnownFileType = sourcecode.swift; path = CharacterGenericCell.swift; sourceTree = "<group>"; };
		EA07E7702B8A27C100D516FF /* CharactersView.swift */ = {isa = PBXFileReference; lastKnownFileType = sourcecode.swift; path = CharactersView.swift; sourceTree = "<group>"; };
		EA07E7722B8A27CB00D516FF /* CharactersViewModel.swift */ = {isa = PBXFileReference; lastKnownFileType = sourcecode.swift; path = CharactersViewModel.swift; sourceTree = "<group>"; };
		EA07E7752B8A328100D516FF /* CharacterDetailView.swift */ = {isa = PBXFileReference; lastKnownFileType = sourcecode.swift; path = CharacterDetailView.swift; sourceTree = "<group>"; };
		EA07E7792B8A3FD200D516FF /* CustomNavigationBar.swift */ = {isa = PBXFileReference; lastKnownFileType = sourcecode.swift; path = CustomNavigationBar.swift; sourceTree = "<group>"; };
		EA07E77B2B8A403700D516FF /* CustomNavigationModifier.swift */ = {isa = PBXFileReference; lastKnownFileType = sourcecode.swift; path = CustomNavigationModifier.swift; sourceTree = "<group>"; };
		EA6E09EA2B8C3756006DCD31 /* DateCodable.swift */ = {isa = PBXFileReference; lastKnownFileType = sourcecode.swift; path = DateCodable.swift; sourceTree = "<group>"; };
		EA6E09EC2B8C37DF006DCD31 /* DateHelper.swift */ = {isa = PBXFileReference; lastKnownFileType = sourcecode.swift; path = DateHelper.swift; sourceTree = "<group>"; };
		EA9C158D2B8638FF00FF544E /* AppDelegate.swift */ = {isa = PBXFileReference; lastKnownFileType = sourcecode.swift; path = AppDelegate.swift; sourceTree = "<group>"; };
		EA9C15902B863AE200FF544E /* LoginViewModel.swift */ = {isa = PBXFileReference; lastKnownFileType = sourcecode.swift; path = LoginViewModel.swift; sourceTree = "<group>"; };
		EA9C15922B863C0700FF544E /* Router.swift */ = {isa = PBXFileReference; lastKnownFileType = sourcecode.swift; path = Router.swift; sourceTree = "<group>"; };
		EA9C15942B863C6900FF544E /* NavigationDestination.swift */ = {isa = PBXFileReference; lastKnownFileType = sourcecode.swift; path = NavigationDestination.swift; sourceTree = "<group>"; };
		EA9C15962B863CE800FF544E /* SplashView.swift */ = {isa = PBXFileReference; lastKnownFileType = sourcecode.swift; path = SplashView.swift; sourceTree = "<group>"; };
		EA9C15982B863F4900FF544E /* User.swift */ = {isa = PBXFileReference; lastKnownFileType = sourcecode.swift; path = User.swift; sourceTree = "<group>"; };
		EA9C159A2B863F7A00FF544E /* UserDefaultsCodable.swift */ = {isa = PBXFileReference; lastKnownFileType = sourcecode.swift; path = UserDefaultsCodable.swift; sourceTree = "<group>"; };
		EA9C159C2B863FA200FF544E /* IDHashable.swift */ = {isa = PBXFileReference; lastKnownFileType = sourcecode.swift; path = IDHashable.swift; sourceTree = "<group>"; };
		EA9C159E2B86431200FF544E /* Info.plist */ = {isa = PBXFileReference; lastKnownFileType = text.plist; path = Info.plist; sourceTree = "<group>"; };
		EA9C159F2B86445A00FF544E /* Launch Screen.storyboard */ = {isa = PBXFileReference; lastKnownFileType = file.storyboard; path = "Launch Screen.storyboard"; sourceTree = "<group>"; };
		EA9C15A12B86494000FF544E /* MainView.swift */ = {isa = PBXFileReference; lastKnownFileType = sourcecode.swift; path = MainView.swift; sourceTree = "<group>"; };
		EA9C15A42B866C0700FF544E /* HomeTab.swift */ = {isa = PBXFileReference; lastKnownFileType = sourcecode.swift; path = HomeTab.swift; sourceTree = "<group>"; };
		EA9C15A62B866C8C00FF544E /* TabBarView.swift */ = {isa = PBXFileReference; lastKnownFileType = sourcecode.swift; path = TabBarView.swift; sourceTree = "<group>"; };
		EA9C15A82B866CA100FF544E /* TabBarItemView.swift */ = {isa = PBXFileReference; lastKnownFileType = sourcecode.swift; path = TabBarItemView.swift; sourceTree = "<group>"; };
		EA9C15AB2B866CE100FF544E /* Shrink.swift */ = {isa = PBXFileReference; lastKnownFileType = sourcecode.swift; path = Shrink.swift; sourceTree = "<group>"; };
		EA9C15AD2B86738400FF544E /* Loading.swift */ = {isa = PBXFileReference; lastKnownFileType = sourcecode.swift; path = Loading.swift; sourceTree = "<group>"; };
		EA9C15AF2B8673AC00FF544E /* LoadingView.swift */ = {isa = PBXFileReference; lastKnownFileType = sourcecode.swift; path = LoadingView.swift; sourceTree = "<group>"; };
		EABAAA092B8BF312000230F5 /* TTextFieldView.swift */ = {isa = PBXFileReference; lastKnownFileType = sourcecode.swift; path = TTextFieldView.swift; sourceTree = "<group>"; };
		EABAAA0B2B8BFE8F000230F5 /* LoginButton.swift */ = {isa = PBXFileReference; lastKnownFileType = sourcecode.swift; path = LoginButton.swift; sourceTree = "<group>"; };
		EABAAA0D2B8C002C000230F5 /* String+Extension.swift */ = {isa = PBXFileReference; lastKnownFileType = sourcecode.swift; path = "String+Extension.swift"; sourceTree = "<group>"; };
		EABAAA462B8C1A1F000230F5 /* GoogleService-Info.plist */ = {isa = PBXFileReference; fileEncoding = 4; lastKnownFileType = text.plist.xml; path = "GoogleService-Info.plist"; sourceTree = "<group>"; };
		EABAAA482B8C1DC8000230F5 /* client_58787739872-9o60ta992qo9kda9297noc4ee5b50lgk.apps.googleusercontent.com.plist */ = {isa = PBXFileReference; fileEncoding = 4; lastKnownFileType = text.plist.xml; path = "client_58787739872-9o60ta992qo9kda9297noc4ee5b50lgk.apps.googleusercontent.com.plist"; sourceTree = "<group>"; };
		EABAAA4B2B8C1E28000230F5 /* FirebaseError.swift */ = {isa = PBXFileReference; lastKnownFileType = sourcecode.swift; path = FirebaseError.swift; sourceTree = "<group>"; };
		EAE8E17C2B87824100EE17FB /* Fonts.swift */ = {isa = PBXFileReference; lastKnownFileType = sourcecode.swift; path = Fonts.swift; sourceTree = "<group>"; };
		EAE8E1852B87839C00EE17FB /* Roboto-Medium.ttf */ = {isa = PBXFileReference; lastKnownFileType = file; path = "Roboto-Medium.ttf"; sourceTree = "<group>"; };
		EAE8E1882B87839C00EE17FB /* Roboto-Regular.ttf */ = {isa = PBXFileReference; lastKnownFileType = file; path = "Roboto-Regular.ttf"; sourceTree = "<group>"; };
		EAE8E1A52B8783C500EE17FB /* RobotoCondensed-Bold.ttf */ = {isa = PBXFileReference; lastKnownFileType = file; path = "RobotoCondensed-Bold.ttf"; sourceTree = "<group>"; };
		EAE8E1BC2B87847C00EE17FB /* RobotoCondensed-Regular.ttf */ = {isa = PBXFileReference; lastKnownFileType = file; path = "RobotoCondensed-Regular.ttf"; sourceTree = "<group>"; };
		EAE8E1C22B87C1D200EE17FB /* IntermediaLogo.swift */ = {isa = PBXFileReference; lastKnownFileType = sourcecode.swift; path = IntermediaLogo.swift; sourceTree = "<group>"; };
		EAE930072B8A63BE00CBC143 /* ComicListItemCell.swift */ = {isa = PBXFileReference; lastKnownFileType = sourcecode.swift; path = ComicListItemCell.swift; sourceTree = "<group>"; };
		EAE930092B8A6E6C00CBC143 /* EventsView.swift */ = {isa = PBXFileReference; lastKnownFileType = sourcecode.swift; path = EventsView.swift; sourceTree = "<group>"; };
		EAE9300B2B8A6E7500CBC143 /* EventsViewModel.swift */ = {isa = PBXFileReference; lastKnownFileType = sourcecode.swift; path = EventsViewModel.swift; sourceTree = "<group>"; };
		EAE9300E2B8A6F8D00CBC143 /* EventGenericCell.swift */ = {isa = PBXFileReference; lastKnownFileType = sourcecode.swift; path = EventGenericCell.swift; sourceTree = "<group>"; };
		EAE930102B8A744D00CBC143 /* View+Extension.swift */ = {isa = PBXFileReference; lastKnownFileType = sourcecode.swift; path = "View+Extension.swift"; sourceTree = "<group>"; };
		EAE930122B8A74CB00CBC143 /* EventDetailView.swift */ = {isa = PBXFileReference; lastKnownFileType = sourcecode.swift; path = EventDetailView.swift; sourceTree = "<group>"; };
		EAEF9F282B862CF0004D4792 /* Intermedia-Marvel.app */ = {isa = PBXFileReference; explicitFileType = wrapper.application; includeInIndex = 0; path = "Intermedia-Marvel.app"; sourceTree = BUILT_PRODUCTS_DIR; };
		EAEF9F2B2B862CF0004D4792 /* Intermedia_MarvelApp.swift */ = {isa = PBXFileReference; lastKnownFileType = sourcecode.swift; path = Intermedia_MarvelApp.swift; sourceTree = "<group>"; };
		EAEF9F2D2B862CF0004D4792 /* ContentView.swift */ = {isa = PBXFileReference; lastKnownFileType = sourcecode.swift; path = ContentView.swift; sourceTree = "<group>"; };
		EAEF9F2F2B862CF1004D4792 /* Assets.xcassets */ = {isa = PBXFileReference; lastKnownFileType = folder.assetcatalog; path = Assets.xcassets; sourceTree = "<group>"; };
		EAEF9F322B862CF1004D4792 /* Preview Assets.xcassets */ = {isa = PBXFileReference; lastKnownFileType = folder.assetcatalog; path = "Preview Assets.xcassets"; sourceTree = "<group>"; };
		EAF37A862B8A983900E36D81 /* LogoutBottomSheet.swift */ = {isa = PBXFileReference; lastKnownFileType = sourcecode.swift; path = LogoutBottomSheet.swift; sourceTree = "<group>"; };
		EAF37A882B8A9BB000E36D81 /* CapsuleButton.swift */ = {isa = PBXFileReference; lastKnownFileType = sourcecode.swift; path = CapsuleButton.swift; sourceTree = "<group>"; };
		EAF37A8A2B8AAD6700E36D81 /* LoginView.swift */ = {isa = PBXFileReference; lastKnownFileType = sourcecode.swift; path = LoginView.swift; sourceTree = "<group>"; };
/* End PBXFileReference section */

/* Begin PBXFrameworksBuildPhase section */
		EAEF9F252B862CF0004D4792 /* Frameworks */ = {
			isa = PBXFrameworksBuildPhase;
			buildActionMask = 2147483647;
			files = (
				EABAAA232B8C05FF000230F5 /* FirebaseDatabase in Frameworks */,
				EABAAA312B8C05FF000230F5 /* FirebaseFunctionsCombine-Community in Frameworks */,
				EABAAA292B8C05FF000230F5 /* FirebaseFirestore in Frameworks */,
				EABAAA152B8C05FF000230F5 /* FirebaseAnalyticsSwift in Frameworks */,
				EABAAA112B8C05FF000230F5 /* FirebaseAnalytics in Frameworks */,
				EABAAA132B8C05FF000230F5 /* FirebaseAnalyticsOnDeviceConversion in Frameworks */,
				EABAAA392B8C05FF000230F5 /* FirebaseMLModelDownloader in Frameworks */,
				EABAAA2D2B8C05FF000230F5 /* FirebaseFirestoreSwift in Frameworks */,
				EABAAA172B8C05FF000230F5 /* FirebaseAnalyticsWithoutAdIdSupport in Frameworks */,
				EABAAA1D2B8C05FF000230F5 /* FirebaseAuth in Frameworks */,
				EABAAA212B8C05FF000230F5 /* FirebaseCrashlytics in Frameworks */,
				EABAAA412B8C05FF000230F5 /* FirebaseRemoteConfigSwift in Frameworks */,
				EABAAA332B8C05FF000230F5 /* FirebaseInAppMessaging-Beta in Frameworks */,
				EABAAA252B8C05FF000230F5 /* FirebaseDatabaseSwift in Frameworks */,
				EABAAA2F2B8C05FF000230F5 /* FirebaseFunctions in Frameworks */,
				EABAAA452B8C05FF000230F5 /* FirebaseStorageCombine-Community in Frameworks */,
				EABAAA3F2B8C05FF000230F5 /* FirebaseRemoteConfig in Frameworks */,
				EABAAA1B2B8C05FF000230F5 /* FirebaseAppDistribution-Beta in Frameworks */,
				EABAAA1F2B8C05FF000230F5 /* FirebaseAuthCombine-Community in Frameworks */,
				EABAAA3D2B8C05FF000230F5 /* FirebasePerformance in Frameworks */,
				EABAAA352B8C05FF000230F5 /* FirebaseInAppMessagingSwift-Beta in Frameworks */,
				EABAAA432B8C05FF000230F5 /* FirebaseStorage in Frameworks */,
				EABAAA2B2B8C05FF000230F5 /* FirebaseFirestoreCombine-Community in Frameworks */,
				EABAAA372B8C05FF000230F5 /* FirebaseInstallations in Frameworks */,
			);
			runOnlyForDeploymentPostprocessing = 0;
		};
/* End PBXFrameworksBuildPhase section */

/* Begin PBXGroup section */
		EA07E74A2B88CE4600D516FF /* Character */ = {
			isa = PBXGroup;
			children = (
				EA07E7482B88CD0E00D516FF /* Character.swift */,
			);
			name = Character;
			sourceTree = "<group>";
		};
		EA07E74B2B88CEB000D516FF /* Common */ = {
			isa = PBXGroup;
			children = (
				EA07E74C2B88CEBB00D516FF /* Thumbnail.swift */,
				EA07E7522B88D89B00D516FF /* Item.swift */,
				EA07E7542B88D91A00D516FF /* Comic.swift */,
			);
			name = Common;
			sourceTree = "<group>";
		};
		EA07E7582B88DAE000D516FF /* Event */ = {
			isa = PBXGroup;
			children = (
				EA07E7562B88DA9F00D516FF /* Event.swift */,
			);
			name = Event;
			sourceTree = "<group>";
		};
		EA07E75B2B88DE2800D516FF /* User */ = {
			isa = PBXGroup;
			children = (
				EA9C15982B863F4900FF544E /* User.swift */,
			);
			name = User;
			sourceTree = "<group>";
		};
		EA07E7602B88DF2B00D516FF /* Requests */ = {
			isa = PBXGroup;
			children = (
				EA07E7612B88DF4300D516FF /* APIClient+Characters.swift */,
				EA07E7632B88E42400D516FF /* APIClient+Events.swift */,
			);
			path = Requests;
			sourceTree = "<group>";
		};
		EA07E7672B88E62800D516FF /* PropertyWrappers */ = {
			isa = PBXGroup;
			children = (
				EA07E7682B88E63E00D516FF /* Republished.swift */,
			);
			path = PropertyWrappers;
			sourceTree = "<group>";
		};
		EA07E76E2B8A27A400D516FF /* Characters */ = {
			isa = PBXGroup;
			children = (
				EA07E7742B8A326100D516FF /* CharacterDetail */,
				EA07E7702B8A27C100D516FF /* CharactersView.swift */,
				EA07E7722B8A27CB00D516FF /* CharactersViewModel.swift */,
			);
			path = Characters;
			sourceTree = "<group>";
		};
		EA07E76F2B8A27B200D516FF /* EventsView */ = {
			isa = PBXGroup;
			children = (
				EAE9300D2B8A6E8100CBC143 /* EventDetail */,
				EAE930092B8A6E6C00CBC143 /* EventsView.swift */,
				EAE9300B2B8A6E7500CBC143 /* EventsViewModel.swift */,
			);
			path = EventsView;
			sourceTree = "<group>";
		};
		EA07E7742B8A326100D516FF /* CharacterDetail */ = {
			isa = PBXGroup;
			children = (
				EA07E7752B8A328100D516FF /* CharacterDetailView.swift */,
			);
			path = CharacterDetail;
			sourceTree = "<group>";
		};
		EA9C158A2B8633E800FF544E /* App */ = {
			isa = PBXGroup;
			children = (
				EA9C158B2B86341700FF544E /* Authorization */,
				EA9C158C2B86342000FF544E /* Main */,
			);
			path = App;
			sourceTree = "<group>";
		};
		EA9C158B2B86341700FF544E /* Authorization */ = {
			isa = PBXGroup;
			children = (
				EA9C158F2B863AD500FF544E /* Login */,
				EA9C15962B863CE800FF544E /* SplashView.swift */,
			);
			path = Authorization;
			sourceTree = "<group>";
		};
		EA9C158C2B86342000FF544E /* Main */ = {
			isa = PBXGroup;
			children = (
				EA07E76F2B8A27B200D516FF /* EventsView */,
				EA07E76E2B8A27A400D516FF /* Characters */,
				EA9C15A12B86494000FF544E /* MainView.swift */,
				EA07E7652B88E5BF00D516FF /* MainViewModel.swift */,
				EAF37A862B8A983900E36D81 /* LogoutBottomSheet.swift */,
			);
			path = Main;
			sourceTree = "<group>";
		};
		EA9C158F2B863AD500FF544E /* Login */ = {
			isa = PBXGroup;
			children = (
				EA9C15902B863AE200FF544E /* LoginViewModel.swift */,
				EAF37A8A2B8AAD6700E36D81 /* LoginView.swift */,
			);
			path = Login;
			sourceTree = "<group>";
		};
		EA9C15A32B866BFA00FF544E /* TabBar */ = {
			isa = PBXGroup;
			children = (
				EA9C15A42B866C0700FF544E /* HomeTab.swift */,
				EA9C15A62B866C8C00FF544E /* TabBarView.swift */,
				EA9C15A82B866CA100FF544E /* TabBarItemView.swift */,
			);
			path = TabBar;
			sourceTree = "<group>";
		};
		EA9C15AA2B866CD400FF544E /* Modifiers */ = {
			isa = PBXGroup;
			children = (
				EA9C15AB2B866CE100FF544E /* Shrink.swift */,
				EA9C15AD2B86738400FF544E /* Loading.swift */,
				EA07E77B2B8A403700D516FF /* CustomNavigationModifier.swift */,
			);
			path = Modifiers;
			sourceTree = "<group>";
		};
		EABAAA4A2B8C1E1C000230F5 /* Firebase */ = {
			isa = PBXGroup;
			children = (
				EABAAA4B2B8C1E28000230F5 /* FirebaseError.swift */,
			);
			name = Firebase;
			sourceTree = "<group>";
		};
		EAE8E17B2B87823700EE17FB /* Fonts */ = {
			isa = PBXGroup;
			children = (
				EAE8E17F2B87838000EE17FB /* RobotoCondensed */,
				EAE8E17E2B8782E900EE17FB /* Roboto */,
				EAE8E17C2B87824100EE17FB /* Fonts.swift */,
			);
			path = Fonts;
			sourceTree = "<group>";
		};
		EAE8E17E2B8782E900EE17FB /* Roboto */ = {
			isa = PBXGroup;
			children = (
				EAE8E1852B87839C00EE17FB /* Roboto-Medium.ttf */,
				EAE8E1882B87839C00EE17FB /* Roboto-Regular.ttf */,
			);
			path = Roboto;
			sourceTree = "<group>";
		};
		EAE8E17F2B87838000EE17FB /* RobotoCondensed */ = {
			isa = PBXGroup;
			children = (
				EAE8E1A52B8783C500EE17FB /* RobotoCondensed-Bold.ttf */,
				EAE8E1BC2B87847C00EE17FB /* RobotoCondensed-Regular.ttf */,
			);
			path = RobotoCondensed;
			sourceTree = "<group>";
		};
		EAE9300D2B8A6E8100CBC143 /* EventDetail */ = {
			isa = PBXGroup;
			children = (
				EAE930122B8A74CB00CBC143 /* EventDetailView.swift */,
			);
			path = EventDetail;
			sourceTree = "<group>";
		};
		EAEF9F1F2B862CF0004D4792 = {
			isa = PBXGroup;
			children = (
				EAEF9F2A2B862CF0004D4792 /* Intermedia-Marvel */,
				EAEF9F292B862CF0004D4792 /* Products */,
			);
			sourceTree = "<group>";
		};
		EAEF9F292B862CF0004D4792 /* Products */ = {
			isa = PBXGroup;
			children = (
				EAEF9F282B862CF0004D4792 /* Intermedia-Marvel.app */,
			);
			name = Products;
			sourceTree = "<group>";
		};
		EAEF9F2A2B862CF0004D4792 /* Intermedia-Marvel */ = {
			isa = PBXGroup;
			children = (
				EA9C159E2B86431200FF544E /* Info.plist */,
				EA9C158A2B8633E800FF544E /* App */,
				EAEF9F3B2B863218004D4792 /* Resources */,
				EAEF9F3A2B86320E004D4792 /* Networking */,
				EAEF9F392B86310E004D4792 /* Models */,
				EA9C159F2B86445A00FF544E /* Launch Screen.storyboard */,
				EABAAA462B8C1A1F000230F5 /* GoogleService-Info.plist */,
				EABAAA482B8C1DC8000230F5 /* client_58787739872-9o60ta992qo9kda9297noc4ee5b50lgk.apps.googleusercontent.com.plist */,
				EAEF9F2B2B862CF0004D4792 /* Intermedia_MarvelApp.swift */,
				EAEF9F2D2B862CF0004D4792 /* ContentView.swift */,
				EA9C158D2B8638FF00FF544E /* AppDelegate.swift */,
				EAEF9F2F2B862CF1004D4792 /* Assets.xcassets */,
				EAEF9F312B862CF1004D4792 /* Preview Content */,
			);
			path = "Intermedia-Marvel";
			sourceTree = "<group>";
		};
		EAEF9F312B862CF1004D4792 /* Preview Content */ = {
			isa = PBXGroup;
			children = (
				EAEF9F322B862CF1004D4792 /* Preview Assets.xcassets */,
			);
			path = "Preview Content";
			sourceTree = "<group>";
		};
		EAEF9F392B86310E004D4792 /* Models */ = {
			isa = PBXGroup;
			children = (
				EABAAA4A2B8C1E1C000230F5 /* Firebase */,
				EA07E75B2B88DE2800D516FF /* User */,
				EA07E7582B88DAE000D516FF /* Event */,
				EA07E74B2B88CEB000D516FF /* Common */,
				EA07E74A2B88CE4600D516FF /* Character */,
				EA07E7592B88DD3F00D516FF /* PaginatedResponse.swift */,
			);
			name = Models;
			sourceTree = "<group>";
		};
		EAEF9F3A2B86320E004D4792 /* Networking */ = {
			isa = PBXGroup;
			children = (
				EA07E7602B88DF2B00D516FF /* Requests */,
				EA07E75C2B88DEC700D516FF /* APIClient.swift */,
				EA07E75E2B88DF0A00D516FF /* Log.swift */,
			);
			path = Networking;
			sourceTree = "<group>";
		};
		EAEF9F3B2B863218004D4792 /* Resources */ = {
			isa = PBXGroup;
			children = (
				EA07E7672B88E62800D516FF /* PropertyWrappers */,
				EAE8E17B2B87823700EE17FB /* Fonts */,
				EA9C15AA2B866CD400FF544E /* Modifiers */,
				EAEF9F3E2B863248004D4792 /* Utils */,
				EAEF9F3D2B86323C004D4792 /* Components */,
				EAEF9F3C2B86322A004D4792 /* Extensions */,
			);
			path = Resources;
			sourceTree = "<group>";
		};
		EAEF9F3C2B86322A004D4792 /* Extensions */ = {
			isa = PBXGroup;
			children = (
				EA9C159C2B863FA200FF544E /* IDHashable.swift */,
				EAE930102B8A744D00CBC143 /* View+Extension.swift */,
				EABAAA0D2B8C002C000230F5 /* String+Extension.swift */,
			);
			path = Extensions;
			sourceTree = "<group>";
		};
		EAEF9F3D2B86323C004D4792 /* Components */ = {
			isa = PBXGroup;
			children = (
				EAF37A852B8A8BB800E36D81 /* Cells */,
				EA9C15A32B866BFA00FF544E /* TabBar */,
				EA9C15AF2B8673AC00FF544E /* LoadingView.swift */,
				EAE8E1C22B87C1D200EE17FB /* IntermediaLogo.swift */,
				EA07E74E2B88D33B00D516FF /* AsyncImageView.swift */,
				EA07E7502B88D35500D516FF /* CacheAsyncImage.swift */,
				EA07E7792B8A3FD200D516FF /* CustomNavigationBar.swift */,
				EAF37A882B8A9BB000E36D81 /* CapsuleButton.swift */,
				EABAAA0B2B8BFE8F000230F5 /* LoginButton.swift */,
				EABAAA092B8BF312000230F5 /* TTextFieldView.swift */,
			);
			path = Components;
			sourceTree = "<group>";
		};
		EAEF9F3E2B863248004D4792 /* Utils */ = {
			isa = PBXGroup;
			children = (
				EA9C15922B863C0700FF544E /* Router.swift */,
				EA9C15942B863C6900FF544E /* NavigationDestination.swift */,
				EA9C159A2B863F7A00FF544E /* UserDefaultsCodable.swift */,
				EA07E76A2B88E67A00D516FF /* PageManager.swift */,
				EA6E09EA2B8C3756006DCD31 /* DateCodable.swift */,
				EA6E09EC2B8C37DF006DCD31 /* DateHelper.swift */,
			);
			path = Utils;
			sourceTree = "<group>";
		};
		EAF37A852B8A8BB800E36D81 /* Cells */ = {
			isa = PBXGroup;
			children = (
				EA07E76C2B8A238100D516FF /* CharacterGenericCell.swift */,
				EAE9300E2B8A6F8D00CBC143 /* EventGenericCell.swift */,
				EAE930072B8A63BE00CBC143 /* ComicListItemCell.swift */,
			);
			path = Cells;
			sourceTree = "<group>";
		};
/* End PBXGroup section */

/* Begin PBXNativeTarget section */
		EAEF9F272B862CF0004D4792 /* Intermedia-Marvel */ = {
			isa = PBXNativeTarget;
			buildConfigurationList = EAEF9F362B862CF1004D4792 /* Build configuration list for PBXNativeTarget "Intermedia-Marvel" */;
			buildPhases = (
				EAEF9F242B862CF0004D4792 /* Sources */,
				EAEF9F252B862CF0004D4792 /* Frameworks */,
				EAEF9F262B862CF0004D4792 /* Resources */,
			);
			buildRules = (
			);
			dependencies = (
			);
			name = "Intermedia-Marvel";
			packageProductDependencies = (
				EABAAA102B8C05FF000230F5 /* FirebaseAnalytics */,
				EABAAA122B8C05FF000230F5 /* FirebaseAnalyticsOnDeviceConversion */,
				EABAAA142B8C05FF000230F5 /* FirebaseAnalyticsSwift */,
				EABAAA162B8C05FF000230F5 /* FirebaseAnalyticsWithoutAdIdSupport */,
				EABAAA1A2B8C05FF000230F5 /* FirebaseAppDistribution-Beta */,
				EABAAA1C2B8C05FF000230F5 /* FirebaseAuth */,
				EABAAA1E2B8C05FF000230F5 /* FirebaseAuthCombine-Community */,
				EABAAA202B8C05FF000230F5 /* FirebaseCrashlytics */,
				EABAAA222B8C05FF000230F5 /* FirebaseDatabase */,
				EABAAA242B8C05FF000230F5 /* FirebaseDatabaseSwift */,
				EABAAA282B8C05FF000230F5 /* FirebaseFirestore */,
				EABAAA2A2B8C05FF000230F5 /* FirebaseFirestoreCombine-Community */,
				EABAAA2C2B8C05FF000230F5 /* FirebaseFirestoreSwift */,
				EABAAA2E2B8C05FF000230F5 /* FirebaseFunctions */,
				EABAAA302B8C05FF000230F5 /* FirebaseFunctionsCombine-Community */,
				EABAAA322B8C05FF000230F5 /* FirebaseInAppMessaging-Beta */,
				EABAAA342B8C05FF000230F5 /* FirebaseInAppMessagingSwift-Beta */,
				EABAAA362B8C05FF000230F5 /* FirebaseInstallations */,
				EABAAA382B8C05FF000230F5 /* FirebaseMLModelDownloader */,
				EABAAA3C2B8C05FF000230F5 /* FirebasePerformance */,
				EABAAA3E2B8C05FF000230F5 /* FirebaseRemoteConfig */,
				EABAAA402B8C05FF000230F5 /* FirebaseRemoteConfigSwift */,
				EABAAA422B8C05FF000230F5 /* FirebaseStorage */,
				EABAAA442B8C05FF000230F5 /* FirebaseStorageCombine-Community */,
			);
			productName = "Intermedia-Marvel";
			productReference = EAEF9F282B862CF0004D4792 /* Intermedia-Marvel.app */;
			productType = "com.apple.product-type.application";
		};
/* End PBXNativeTarget section */

/* Begin PBXProject section */
		EAEF9F202B862CF0004D4792 /* Project object */ = {
			isa = PBXProject;
			attributes = {
				BuildIndependentTargetsInParallel = 1;
				LastSwiftUpdateCheck = 1500;
				LastUpgradeCheck = 1500;
				TargetAttributes = {
					EAEF9F272B862CF0004D4792 = {
						CreatedOnToolsVersion = 15.0;
					};
				};
			};
			buildConfigurationList = EAEF9F232B862CF0004D4792 /* Build configuration list for PBXProject "Intermedia-Marvel" */;
			compatibilityVersion = "Xcode 14.0";
			developmentRegion = en;
			hasScannedForEncodings = 0;
			knownRegions = (
				en,
				Base,
			);
			mainGroup = EAEF9F1F2B862CF0004D4792;
			packageReferences = (
				EABAAA0F2B8C05FF000230F5 /* XCRemoteSwiftPackageReference "firebase-ios-sdk" */,
			);
			productRefGroup = EAEF9F292B862CF0004D4792 /* Products */;
			projectDirPath = "";
			projectRoot = "";
			targets = (
				EAEF9F272B862CF0004D4792 /* Intermedia-Marvel */,
			);
		};
/* End PBXProject section */

/* Begin PBXResourcesBuildPhase section */
		EAEF9F262B862CF0004D4792 /* Resources */ = {
			isa = PBXResourcesBuildPhase;
			buildActionMask = 2147483647;
			files = (
				EA9C15A02B86445A00FF544E /* Launch Screen.storyboard in Resources */,
				EAE8E1B72B8783C600EE17FB /* RobotoCondensed-Bold.ttf in Resources */,
				EAE8E1BD2B87847C00EE17FB /* RobotoCondensed-Regular.ttf in Resources */,
				EAE8E1942B87839C00EE17FB /* Roboto-Regular.ttf in Resources */,
				EAEF9F332B862CF1004D4792 /* Preview Assets.xcassets in Resources */,
				EABAAA492B8C1DC8000230F5 /* client_58787739872-9o60ta992qo9kda9297noc4ee5b50lgk.apps.googleusercontent.com.plist in Resources */,
				EAEF9F302B862CF1004D4792 /* Assets.xcassets in Resources */,
				EAE8E1912B87839C00EE17FB /* Roboto-Medium.ttf in Resources */,
				EABAAA472B8C1A1F000230F5 /* GoogleService-Info.plist in Resources */,
			);
			runOnlyForDeploymentPostprocessing = 0;
		};
/* End PBXResourcesBuildPhase section */

/* Begin PBXSourcesBuildPhase section */
		EAEF9F242B862CF0004D4792 /* Sources */ = {
			isa = PBXSourcesBuildPhase;
			buildActionMask = 2147483647;
			files = (
				EA9C15A52B866C0700FF544E /* HomeTab.swift in Sources */,
				EA9C15A92B866CA100FF544E /* TabBarItemView.swift in Sources */,
				EA9C15912B863AE200FF544E /* LoginViewModel.swift in Sources */,
				EA07E7762B8A328100D516FF /* CharacterDetailView.swift in Sources */,
				EA9C15A72B866C8C00FF544E /* TabBarView.swift in Sources */,
				EA07E7532B88D89B00D516FF /* Item.swift in Sources */,
				EABAAA4C2B8C1E28000230F5 /* FirebaseError.swift in Sources */,
				EA07E75A2B88DD3F00D516FF /* PaginatedResponse.swift in Sources */,
				EAF37A892B8A9BB000E36D81 /* CapsuleButton.swift in Sources */,
				EAE930112B8A744D00CBC143 /* View+Extension.swift in Sources */,
				EA07E76D2B8A238100D516FF /* CharacterGenericCell.swift in Sources */,
				EA9C15B02B8673AC00FF544E /* LoadingView.swift in Sources */,
				EA07E7622B88DF4300D516FF /* APIClient+Characters.swift in Sources */,
				EA07E74F2B88D33B00D516FF /* AsyncImageView.swift in Sources */,
				EAF37A872B8A983900E36D81 /* LogoutBottomSheet.swift in Sources */,
				EA07E7512B88D35500D516FF /* CacheAsyncImage.swift in Sources */,
				EAF37A8B2B8AAD6700E36D81 /* LoginView.swift in Sources */,
				EAE9300F2B8A6F8D00CBC143 /* EventGenericCell.swift in Sources */,
				EA9C158E2B8638FF00FF544E /* AppDelegate.swift in Sources */,
				EA9C15932B863C0700FF544E /* Router.swift in Sources */,
				EA6E09ED2B8C37DF006DCD31 /* DateHelper.swift in Sources */,
				EA07E7492B88CD0E00D516FF /* Character.swift in Sources */,
				EA07E7712B8A27C100D516FF /* CharactersView.swift in Sources */,
				EAE930132B8A74CB00CBC143 /* EventDetailView.swift in Sources */,
				EA07E7732B8A27CB00D516FF /* CharactersViewModel.swift in Sources */,
				EA9C15AE2B86738400FF544E /* Loading.swift in Sources */,
				EA07E77A2B8A3FD200D516FF /* CustomNavigationBar.swift in Sources */,
				EA07E7572B88DA9F00D516FF /* Event.swift in Sources */,
				EAEF9F2E2B862CF0004D4792 /* ContentView.swift in Sources */,
				EA07E75D2B88DEC700D516FF /* APIClient.swift in Sources */,
				EAE9300C2B8A6E7500CBC143 /* EventsViewModel.swift in Sources */,
				EAE930082B8A63BE00CBC143 /* ComicListItemCell.swift in Sources */,
				EA9C15992B863F4900FF544E /* User.swift in Sources */,
				EA9C15952B863C6900FF544E /* NavigationDestination.swift in Sources */,
				EABAAA0E2B8C002C000230F5 /* String+Extension.swift in Sources */,
				EAEF9F2C2B862CF0004D4792 /* Intermedia_MarvelApp.swift in Sources */,
				EA9C15AC2B866CE100FF544E /* Shrink.swift in Sources */,
				EA07E7692B88E63E00D516FF /* Republished.swift in Sources */,
				EA6E09EB2B8C3756006DCD31 /* DateCodable.swift in Sources */,
				EA07E7642B88E42400D516FF /* APIClient+Events.swift in Sources */,
				EAE9300A2B8A6E6C00CBC143 /* EventsView.swift in Sources */,
				EA07E7552B88D91A00D516FF /* Comic.swift in Sources */,
				EA07E76B2B88E67A00D516FF /* PageManager.swift in Sources */,
				EA9C15A22B86494000FF544E /* MainView.swift in Sources */,
				EA9C15972B863CE800FF544E /* SplashView.swift in Sources */,
				EA9C159D2B863FA200FF544E /* IDHashable.swift in Sources */,
				EAE8E17D2B87824100EE17FB /* Fonts.swift in Sources */,
				EA9C159B2B863F7A00FF544E /* UserDefaultsCodable.swift in Sources */,
				EA07E77C2B8A403700D516FF /* CustomNavigationModifier.swift in Sources */,
				EAE8E1C32B87C1D200EE17FB /* IntermediaLogo.swift in Sources */,
				EA07E74D2B88CEBB00D516FF /* Thumbnail.swift in Sources */,
				EA07E75F2B88DF0A00D516FF /* Log.swift in Sources */,
				EA07E7662B88E5BF00D516FF /* MainViewModel.swift in Sources */,
				EABAAA0C2B8BFE8F000230F5 /* LoginButton.swift in Sources */,
				EABAAA0A2B8BF312000230F5 /* TTextFieldView.swift in Sources */,
			);
			runOnlyForDeploymentPostprocessing = 0;
		};
/* End PBXSourcesBuildPhase section */

/* Begin XCBuildConfiguration section */
		EAEF9F342B862CF1004D4792 /* Debug */ = {
			isa = XCBuildConfiguration;
			buildSettings = {
				ALWAYS_SEARCH_USER_PATHS = NO;
				ASSETCATALOG_COMPILER_GENERATE_SWIFT_ASSET_SYMBOL_EXTENSIONS = YES;
				CLANG_ANALYZER_NONNULL = YES;
				CLANG_ANALYZER_NUMBER_OBJECT_CONVERSION = YES_AGGRESSIVE;
				CLANG_CXX_LANGUAGE_STANDARD = "gnu++20";
				CLANG_ENABLE_MODULES = YES;
				CLANG_ENABLE_OBJC_ARC = YES;
				CLANG_ENABLE_OBJC_WEAK = YES;
				CLANG_WARN_BLOCK_CAPTURE_AUTORELEASING = YES;
				CLANG_WARN_BOOL_CONVERSION = YES;
				CLANG_WARN_COMMA = YES;
				CLANG_WARN_CONSTANT_CONVERSION = YES;
				CLANG_WARN_DEPRECATED_OBJC_IMPLEMENTATIONS = YES;
				CLANG_WARN_DIRECT_OBJC_ISA_USAGE = YES_ERROR;
				CLANG_WARN_DOCUMENTATION_COMMENTS = YES;
				CLANG_WARN_EMPTY_BODY = YES;
				CLANG_WARN_ENUM_CONVERSION = YES;
				CLANG_WARN_INFINITE_RECURSION = YES;
				CLANG_WARN_INT_CONVERSION = YES;
				CLANG_WARN_NON_LITERAL_NULL_CONVERSION = YES;
				CLANG_WARN_OBJC_IMPLICIT_RETAIN_SELF = YES;
				CLANG_WARN_OBJC_LITERAL_CONVERSION = YES;
				CLANG_WARN_OBJC_ROOT_CLASS = YES_ERROR;
				CLANG_WARN_QUOTED_INCLUDE_IN_FRAMEWORK_HEADER = YES;
				CLANG_WARN_RANGE_LOOP_ANALYSIS = YES;
				CLANG_WARN_STRICT_PROTOTYPES = YES;
				CLANG_WARN_SUSPICIOUS_MOVE = YES;
				CLANG_WARN_UNGUARDED_AVAILABILITY = YES_AGGRESSIVE;
				CLANG_WARN_UNREACHABLE_CODE = YES;
				CLANG_WARN__DUPLICATE_METHOD_MATCH = YES;
				COPY_PHASE_STRIP = NO;
				DEBUG_INFORMATION_FORMAT = dwarf;
				ENABLE_STRICT_OBJC_MSGSEND = YES;
				ENABLE_TESTABILITY = YES;
				ENABLE_USER_SCRIPT_SANDBOXING = YES;
				GCC_C_LANGUAGE_STANDARD = gnu17;
				GCC_DYNAMIC_NO_PIC = NO;
				GCC_NO_COMMON_BLOCKS = YES;
				GCC_OPTIMIZATION_LEVEL = 0;
				GCC_PREPROCESSOR_DEFINITIONS = (
					"DEBUG=1",
					"$(inherited)",
				);
				GCC_WARN_64_TO_32_BIT_CONVERSION = YES;
				GCC_WARN_ABOUT_RETURN_TYPE = YES_ERROR;
				GCC_WARN_UNDECLARED_SELECTOR = YES;
				GCC_WARN_UNINITIALIZED_AUTOS = YES_AGGRESSIVE;
				GCC_WARN_UNUSED_FUNCTION = YES;
				GCC_WARN_UNUSED_VARIABLE = YES;
				IPHONEOS_DEPLOYMENT_TARGET = 17.0;
				LOCALIZATION_PREFERS_STRING_CATALOGS = YES;
				MTL_ENABLE_DEBUG_INFO = INCLUDE_SOURCE;
				MTL_FAST_MATH = YES;
				ONLY_ACTIVE_ARCH = YES;
				SDKROOT = iphoneos;
				SWIFT_ACTIVE_COMPILATION_CONDITIONS = "DEBUG $(inherited)";
				SWIFT_OPTIMIZATION_LEVEL = "-Onone";
			};
			name = Debug;
		};
		EAEF9F352B862CF1004D4792 /* Release */ = {
			isa = XCBuildConfiguration;
			buildSettings = {
				ALWAYS_SEARCH_USER_PATHS = NO;
				ASSETCATALOG_COMPILER_GENERATE_SWIFT_ASSET_SYMBOL_EXTENSIONS = YES;
				CLANG_ANALYZER_NONNULL = YES;
				CLANG_ANALYZER_NUMBER_OBJECT_CONVERSION = YES_AGGRESSIVE;
				CLANG_CXX_LANGUAGE_STANDARD = "gnu++20";
				CLANG_ENABLE_MODULES = YES;
				CLANG_ENABLE_OBJC_ARC = YES;
				CLANG_ENABLE_OBJC_WEAK = YES;
				CLANG_WARN_BLOCK_CAPTURE_AUTORELEASING = YES;
				CLANG_WARN_BOOL_CONVERSION = YES;
				CLANG_WARN_COMMA = YES;
				CLANG_WARN_CONSTANT_CONVERSION = YES;
				CLANG_WARN_DEPRECATED_OBJC_IMPLEMENTATIONS = YES;
				CLANG_WARN_DIRECT_OBJC_ISA_USAGE = YES_ERROR;
				CLANG_WARN_DOCUMENTATION_COMMENTS = YES;
				CLANG_WARN_EMPTY_BODY = YES;
				CLANG_WARN_ENUM_CONVERSION = YES;
				CLANG_WARN_INFINITE_RECURSION = YES;
				CLANG_WARN_INT_CONVERSION = YES;
				CLANG_WARN_NON_LITERAL_NULL_CONVERSION = YES;
				CLANG_WARN_OBJC_IMPLICIT_RETAIN_SELF = YES;
				CLANG_WARN_OBJC_LITERAL_CONVERSION = YES;
				CLANG_WARN_OBJC_ROOT_CLASS = YES_ERROR;
				CLANG_WARN_QUOTED_INCLUDE_IN_FRAMEWORK_HEADER = YES;
				CLANG_WARN_RANGE_LOOP_ANALYSIS = YES;
				CLANG_WARN_STRICT_PROTOTYPES = YES;
				CLANG_WARN_SUSPICIOUS_MOVE = YES;
				CLANG_WARN_UNGUARDED_AVAILABILITY = YES_AGGRESSIVE;
				CLANG_WARN_UNREACHABLE_CODE = YES;
				CLANG_WARN__DUPLICATE_METHOD_MATCH = YES;
				COPY_PHASE_STRIP = NO;
				DEBUG_INFORMATION_FORMAT = "dwarf-with-dsym";
				ENABLE_NS_ASSERTIONS = NO;
				ENABLE_STRICT_OBJC_MSGSEND = YES;
				ENABLE_USER_SCRIPT_SANDBOXING = YES;
				GCC_C_LANGUAGE_STANDARD = gnu17;
				GCC_NO_COMMON_BLOCKS = YES;
				GCC_WARN_64_TO_32_BIT_CONVERSION = YES;
				GCC_WARN_ABOUT_RETURN_TYPE = YES_ERROR;
				GCC_WARN_UNDECLARED_SELECTOR = YES;
				GCC_WARN_UNINITIALIZED_AUTOS = YES_AGGRESSIVE;
				GCC_WARN_UNUSED_FUNCTION = YES;
				GCC_WARN_UNUSED_VARIABLE = YES;
				IPHONEOS_DEPLOYMENT_TARGET = 17.0;
				LOCALIZATION_PREFERS_STRING_CATALOGS = YES;
				MTL_ENABLE_DEBUG_INFO = NO;
				MTL_FAST_MATH = YES;
				SDKROOT = iphoneos;
				SWIFT_COMPILATION_MODE = wholemodule;
				VALIDATE_PRODUCT = YES;
			};
			name = Release;
		};
		EAEF9F372B862CF1004D4792 /* Debug */ = {
			isa = XCBuildConfiguration;
			buildSettings = {
				ASSETCATALOG_COMPILER_APPICON_NAME = AppIcon;
				ASSETCATALOG_COMPILER_GLOBAL_ACCENT_COLOR_NAME = AccentColor;
				CODE_SIGN_STYLE = Automatic;
				CURRENT_PROJECT_VERSION = 1;
				DEVELOPMENT_ASSET_PATHS = "\"Intermedia-Marvel/Preview Content\"";
				DEVELOPMENT_TEAM = 5545HFPHJJ;
				ENABLE_PREVIEWS = YES;
				GENERATE_INFOPLIST_FILE = YES;
				INFOPLIST_FILE = "Intermedia-Marvel/Info.plist";
				INFOPLIST_KEY_CFBundleDisplayName = MarvelApp;
				INFOPLIST_KEY_UIApplicationSceneManifest_Generation = YES;
				INFOPLIST_KEY_UIApplicationSupportsIndirectInputEvents = YES;
				INFOPLIST_KEY_UILaunchStoryboardName = "Launch Screen.storyboard";
				INFOPLIST_KEY_UISupportedInterfaceOrientations_iPad = "UIInterfaceOrientationPortrait UIInterfaceOrientationPortraitUpsideDown UIInterfaceOrientationLandscapeLeft UIInterfaceOrientationLandscapeRight";
				INFOPLIST_KEY_UISupportedInterfaceOrientations_iPhone = "UIInterfaceOrientationPortrait UIInterfaceOrientationLandscapeLeft UIInterfaceOrientationLandscapeRight";
				LD_RUNPATH_SEARCH_PATHS = (
					"$(inherited)",
					"@executable_path/Frameworks",
				);
				MARKETING_VERSION = 1.0;
				PRODUCT_BUNDLE_IDENTIFIER = "NFG.Intermedia-Marvel";
				PRODUCT_NAME = "$(TARGET_NAME)";
				SWIFT_EMIT_LOC_STRINGS = YES;
				SWIFT_VERSION = 5.0;
				TARGETED_DEVICE_FAMILY = "1,2";
			};
			name = Debug;
		};
		EAEF9F382B862CF1004D4792 /* Release */ = {
			isa = XCBuildConfiguration;
			buildSettings = {
				ASSETCATALOG_COMPILER_APPICON_NAME = AppIcon;
				ASSETCATALOG_COMPILER_GLOBAL_ACCENT_COLOR_NAME = AccentColor;
				CODE_SIGN_STYLE = Automatic;
				CURRENT_PROJECT_VERSION = 1;
				DEVELOPMENT_ASSET_PATHS = "\"Intermedia-Marvel/Preview Content\"";
				DEVELOPMENT_TEAM = 5545HFPHJJ;
				ENABLE_PREVIEWS = YES;
				GENERATE_INFOPLIST_FILE = YES;
				INFOPLIST_FILE = "Intermedia-Marvel/Info.plist";
				INFOPLIST_KEY_CFBundleDisplayName = MarvelApp;
				INFOPLIST_KEY_UIApplicationSceneManifest_Generation = YES;
				INFOPLIST_KEY_UIApplicationSupportsIndirectInputEvents = YES;
				INFOPLIST_KEY_UILaunchStoryboardName = "Launch Screen.storyboard";
				INFOPLIST_KEY_UISupportedInterfaceOrientations_iPad = "UIInterfaceOrientationPortrait UIInterfaceOrientationPortraitUpsideDown UIInterfaceOrientationLandscapeLeft UIInterfaceOrientationLandscapeRight";
				INFOPLIST_KEY_UISupportedInterfaceOrientations_iPhone = "UIInterfaceOrientationPortrait UIInterfaceOrientationLandscapeLeft UIInterfaceOrientationLandscapeRight";
				LD_RUNPATH_SEARCH_PATHS = (
					"$(inherited)",
					"@executable_path/Frameworks",
				);
				MARKETING_VERSION = 1.0;
				PRODUCT_BUNDLE_IDENTIFIER = "NFG.Intermedia-Marvel";
				PRODUCT_NAME = "$(TARGET_NAME)";
				SWIFT_EMIT_LOC_STRINGS = YES;
				SWIFT_VERSION = 5.0;
				TARGETED_DEVICE_FAMILY = "1,2";
			};
			name = Release;
		};
/* End XCBuildConfiguration section */

/* Begin XCConfigurationList section */
		EAEF9F232B862CF0004D4792 /* Build configuration list for PBXProject "Intermedia-Marvel" */ = {
			isa = XCConfigurationList;
			buildConfigurations = (
				EAEF9F342B862CF1004D4792 /* Debug */,
				EAEF9F352B862CF1004D4792 /* Release */,
			);
			defaultConfigurationIsVisible = 0;
			defaultConfigurationName = Release;
		};
		EAEF9F362B862CF1004D4792 /* Build configuration list for PBXNativeTarget "Intermedia-Marvel" */ = {
			isa = XCConfigurationList;
			buildConfigurations = (
				EAEF9F372B862CF1004D4792 /* Debug */,
				EAEF9F382B862CF1004D4792 /* Release */,
			);
			defaultConfigurationIsVisible = 0;
			defaultConfigurationName = Release;
		};
/* End XCConfigurationList section */

/* Begin XCRemoteSwiftPackageReference section */
		EABAAA0F2B8C05FF000230F5 /* XCRemoteSwiftPackageReference "firebase-ios-sdk" */ = {
			isa = XCRemoteSwiftPackageReference;
			repositoryURL = "https://github.com/firebase/firebase-ios-sdk";
			requirement = {
				kind = upToNextMajorVersion;
				minimumVersion = 10.21.0;
			};
		};
/* End XCRemoteSwiftPackageReference section */

/* Begin XCSwiftPackageProductDependency section */
		EABAAA102B8C05FF000230F5 /* FirebaseAnalytics */ = {
			isa = XCSwiftPackageProductDependency;
			package = EABAAA0F2B8C05FF000230F5 /* XCRemoteSwiftPackageReference "firebase-ios-sdk" */;
			productName = FirebaseAnalytics;
		};
		EABAAA122B8C05FF000230F5 /* FirebaseAnalyticsOnDeviceConversion */ = {
			isa = XCSwiftPackageProductDependency;
			package = EABAAA0F2B8C05FF000230F5 /* XCRemoteSwiftPackageReference "firebase-ios-sdk" */;
			productName = FirebaseAnalyticsOnDeviceConversion;
		};
		EABAAA142B8C05FF000230F5 /* FirebaseAnalyticsSwift */ = {
			isa = XCSwiftPackageProductDependency;
			package = EABAAA0F2B8C05FF000230F5 /* XCRemoteSwiftPackageReference "firebase-ios-sdk" */;
			productName = FirebaseAnalyticsSwift;
		};
		EABAAA162B8C05FF000230F5 /* FirebaseAnalyticsWithoutAdIdSupport */ = {
			isa = XCSwiftPackageProductDependency;
			package = EABAAA0F2B8C05FF000230F5 /* XCRemoteSwiftPackageReference "firebase-ios-sdk" */;
			productName = FirebaseAnalyticsWithoutAdIdSupport;
		};
		EABAAA1A2B8C05FF000230F5 /* FirebaseAppDistribution-Beta */ = {
			isa = XCSwiftPackageProductDependency;
			package = EABAAA0F2B8C05FF000230F5 /* XCRemoteSwiftPackageReference "firebase-ios-sdk" */;
			productName = "FirebaseAppDistribution-Beta";
		};
		EABAAA1C2B8C05FF000230F5 /* FirebaseAuth */ = {
			isa = XCSwiftPackageProductDependency;
			package = EABAAA0F2B8C05FF000230F5 /* XCRemoteSwiftPackageReference "firebase-ios-sdk" */;
			productName = FirebaseAuth;
		};
		EABAAA1E2B8C05FF000230F5 /* FirebaseAuthCombine-Community */ = {
			isa = XCSwiftPackageProductDependency;
			package = EABAAA0F2B8C05FF000230F5 /* XCRemoteSwiftPackageReference "firebase-ios-sdk" */;
			productName = "FirebaseAuthCombine-Community";
		};
		EABAAA202B8C05FF000230F5 /* FirebaseCrashlytics */ = {
			isa = XCSwiftPackageProductDependency;
			package = EABAAA0F2B8C05FF000230F5 /* XCRemoteSwiftPackageReference "firebase-ios-sdk" */;
			productName = FirebaseCrashlytics;
		};
		EABAAA222B8C05FF000230F5 /* FirebaseDatabase */ = {
			isa = XCSwiftPackageProductDependency;
			package = EABAAA0F2B8C05FF000230F5 /* XCRemoteSwiftPackageReference "firebase-ios-sdk" */;
			productName = FirebaseDatabase;
		};
		EABAAA242B8C05FF000230F5 /* FirebaseDatabaseSwift */ = {
			isa = XCSwiftPackageProductDependency;
			package = EABAAA0F2B8C05FF000230F5 /* XCRemoteSwiftPackageReference "firebase-ios-sdk" */;
			productName = FirebaseDatabaseSwift;
		};
		EABAAA282B8C05FF000230F5 /* FirebaseFirestore */ = {
			isa = XCSwiftPackageProductDependency;
			package = EABAAA0F2B8C05FF000230F5 /* XCRemoteSwiftPackageReference "firebase-ios-sdk" */;
			productName = FirebaseFirestore;
		};
		EABAAA2A2B8C05FF000230F5 /* FirebaseFirestoreCombine-Community */ = {
			isa = XCSwiftPackageProductDependency;
			package = EABAAA0F2B8C05FF000230F5 /* XCRemoteSwiftPackageReference "firebase-ios-sdk" */;
			productName = "FirebaseFirestoreCombine-Community";
		};
		EABAAA2C2B8C05FF000230F5 /* FirebaseFirestoreSwift */ = {
			isa = XCSwiftPackageProductDependency;
			package = EABAAA0F2B8C05FF000230F5 /* XCRemoteSwiftPackageReference "firebase-ios-sdk" */;
			productName = FirebaseFirestoreSwift;
		};
		EABAAA2E2B8C05FF000230F5 /* FirebaseFunctions */ = {
			isa = XCSwiftPackageProductDependency;
			package = EABAAA0F2B8C05FF000230F5 /* XCRemoteSwiftPackageReference "firebase-ios-sdk" */;
			productName = FirebaseFunctions;
		};
		EABAAA302B8C05FF000230F5 /* FirebaseFunctionsCombine-Community */ = {
			isa = XCSwiftPackageProductDependency;
			package = EABAAA0F2B8C05FF000230F5 /* XCRemoteSwiftPackageReference "firebase-ios-sdk" */;
			productName = "FirebaseFunctionsCombine-Community";
		};
		EABAAA322B8C05FF000230F5 /* FirebaseInAppMessaging-Beta */ = {
			isa = XCSwiftPackageProductDependency;
			package = EABAAA0F2B8C05FF000230F5 /* XCRemoteSwiftPackageReference "firebase-ios-sdk" */;
			productName = "FirebaseInAppMessaging-Beta";
		};
		EABAAA342B8C05FF000230F5 /* FirebaseInAppMessagingSwift-Beta */ = {
			isa = XCSwiftPackageProductDependency;
			package = EABAAA0F2B8C05FF000230F5 /* XCRemoteSwiftPackageReference "firebase-ios-sdk" */;
			productName = "FirebaseInAppMessagingSwift-Beta";
		};
		EABAAA362B8C05FF000230F5 /* FirebaseInstallations */ = {
			isa = XCSwiftPackageProductDependency;
			package = EABAAA0F2B8C05FF000230F5 /* XCRemoteSwiftPackageReference "firebase-ios-sdk" */;
			productName = FirebaseInstallations;
		};
		EABAAA382B8C05FF000230F5 /* FirebaseMLModelDownloader */ = {
			isa = XCSwiftPackageProductDependency;
			package = EABAAA0F2B8C05FF000230F5 /* XCRemoteSwiftPackageReference "firebase-ios-sdk" */;
			productName = FirebaseMLModelDownloader;
		};
		EABAAA3C2B8C05FF000230F5 /* FirebasePerformance */ = {
			isa = XCSwiftPackageProductDependency;
			package = EABAAA0F2B8C05FF000230F5 /* XCRemoteSwiftPackageReference "firebase-ios-sdk" */;
			productName = FirebasePerformance;
		};
		EABAAA3E2B8C05FF000230F5 /* FirebaseRemoteConfig */ = {
			isa = XCSwiftPackageProductDependency;
			package = EABAAA0F2B8C05FF000230F5 /* XCRemoteSwiftPackageReference "firebase-ios-sdk" */;
			productName = FirebaseRemoteConfig;
		};
		EABAAA402B8C05FF000230F5 /* FirebaseRemoteConfigSwift */ = {
			isa = XCSwiftPackageProductDependency;
			package = EABAAA0F2B8C05FF000230F5 /* XCRemoteSwiftPackageReference "firebase-ios-sdk" */;
			productName = FirebaseRemoteConfigSwift;
		};
		EABAAA422B8C05FF000230F5 /* FirebaseStorage */ = {
			isa = XCSwiftPackageProductDependency;
			package = EABAAA0F2B8C05FF000230F5 /* XCRemoteSwiftPackageReference "firebase-ios-sdk" */;
			productName = FirebaseStorage;
		};
		EABAAA442B8C05FF000230F5 /* FirebaseStorageCombine-Community */ = {
			isa = XCSwiftPackageProductDependency;
			package = EABAAA0F2B8C05FF000230F5 /* XCRemoteSwiftPackageReference "firebase-ios-sdk" */;
			productName = "FirebaseStorageCombine-Community";
		};
/* End XCSwiftPackageProductDependency section */
	};
	rootObject = EAEF9F202B862CF0004D4792 /* Project object */;
}
